// !$*UTF8*$!
{
	archiveVersion = 1;
	classes = {
	};
	objectVersion = 55;
	objects = {

/* Begin PBXBuildFile section */
		3F0F9549291C8F46009193C7 /* SettingsViewModel.swift in Sources */ = {isa = PBXBuildFile; fileRef = 3F0F9548291C8F46009193C7 /* SettingsViewModel.swift */; };
		3F0F954B291C8F66009193C7 /* SettingsView.swift in Sources */ = {isa = PBXBuildFile; fileRef = 3F0F954A291C8F66009193C7 /* SettingsView.swift */; };
		3F0F954D291C90B6009193C7 /* RunnerSettingsView.swift in Sources */ = {isa = PBXBuildFile; fileRef = 3F0F954C291C90B6009193C7 /* RunnerSettingsView.swift */; };
		3F0F954F291C91D3009193C7 /* RunnerListView.swift in Sources */ = {isa = PBXBuildFile; fileRef = 3F0F954E291C91D3009193C7 /* RunnerListView.swift */; };
		3F0F9553291C91EE009193C7 /* RunnerDetailView.swift in Sources */ = {isa = PBXBuildFile; fileRef = 3F0F9552291C91EE009193C7 /* RunnerDetailView.swift */; };
		3F0F9555291C9231009193C7 /* ListEditView.swift in Sources */ = {isa = PBXBuildFile; fileRef = 3F0F9554291C9231009193C7 /* ListEditView.swift */; };
		3F1E8E2828BE881400C4DEE3 /* Assets.xcassets in Resources */ = {isa = PBXBuildFile; fileRef = 3F1E8E2728BE881400C4DEE3 /* Assets.xcassets */; };
		3F1E8E2B28BE881400C4DEE3 /* Preview Assets.xcassets in Resources */ = {isa = PBXBuildFile; fileRef = 3F1E8E2A28BE881400C4DEE3 /* Preview Assets.xcassets */; };
		3F1E8E4028BE881400C4DEE3 /* LeeUITests.swift in Sources */ = {isa = PBXBuildFile; fileRef = 3F1E8E3F28BE881400C4DEE3 /* LeeUITests.swift */; };
		3F1E8E4228BE881400C4DEE3 /* LeeUITestsLaunchTests.swift in Sources */ = {isa = PBXBuildFile; fileRef = 3F1E8E4128BE881400C4DEE3 /* LeeUITestsLaunchTests.swift */; };
		3F68516228D3A43E00B18DAF /* ManifestTests.swift in Sources */ = {isa = PBXBuildFile; fileRef = 3F68516128D3A43E00B18DAF /* ManifestTests.swift */; };
		3F68517B28EF286E00B18DAF /* PythonKit in Frameworks */ = {isa = PBXBuildFile; productRef = 3F68517A28EF286E00B18DAF /* PythonKit */; };
		3F8F2B9428C29EB400B7565D /* argsTest.py in Resources */ = {isa = PBXBuildFile; fileRef = 3F8F2B9328C29EB400B7565D /* argsTest.py */; };
		3FA6D85328E90B1A00EB0302 /* LeeViewModel.swift in Sources */ = {isa = PBXBuildFile; fileRef = 3FA6D85228E90B1A00EB0302 /* LeeViewModel.swift */; };
		3FA6D85528E90B2B00EB0302 /* ContentView.swift in Sources */ = {isa = PBXBuildFile; fileRef = 3FA6D85428E90B2B00EB0302 /* ContentView.swift */; };
		3FA6D85928E90B2F00EB0302 /* Manifest.swift in Sources */ = {isa = PBXBuildFile; fileRef = 3FA6D85628E90B2F00EB0302 /* Manifest.swift */; };
		3FA6D85A28E90B2F00EB0302 /* PythonDataModel.swift in Sources */ = {isa = PBXBuildFile; fileRef = 3FA6D85828E90B2F00EB0302 /* PythonDataModel.swift */; };
		3FA6D85B28E90B2F00EB0302 /* LeeDataModel.swift in Sources */ = {isa = PBXBuildFile; fileRef = 3FA6D85728E90B2F00EB0302 /* LeeDataModel.swift */; };
		3FA6D85D28E90BA100EB0302 /* RunnerTests.swift in Sources */ = {isa = PBXBuildFile; fileRef = 3FA6D85C28E90BA100EB0302 /* RunnerTests.swift */; };
		3FA6D87928F3500500EB0302 /* RuneCommands.swift in Sources */ = {isa = PBXBuildFile; fileRef = 3FA6D87828F3500500EB0302 /* RuneCommands.swift */; };
		3FA6D87B28F3500900EB0302 /* Rune.swift in Sources */ = {isa = PBXBuildFile; fileRef = 3FA6D87A28F3500900EB0302 /* Rune.swift */; };
		3FA6D87D28F3501300EB0302 /* RuneTests.swift in Sources */ = {isa = PBXBuildFile; fileRef = 3FA6D87C28F3501300EB0302 /* RuneTests.swift */; };
		3FBC8D1E28E35FE3000BA2D9 /* good.py in Resources */ = {isa = PBXBuildFile; fileRef = 3FBC8D1B28E35FE3000BA2D9 /* good.py */; };
		3FBC8D1F28E35FE3000BA2D9 /* input.py in Resources */ = {isa = PBXBuildFile; fileRef = 3FBC8D1C28E35FE3000BA2D9 /* input.py */; };
		3FBC8D2028E35FE3000BA2D9 /* bad.py in Resources */ = {isa = PBXBuildFile; fileRef = 3FBC8D1D28E35FE3000BA2D9 /* bad.py */; };
		4A36334C28EE59AD000F8851 /* PythonKit in Frameworks */ = {isa = PBXBuildFile; productRef = 4A36334B28EE59AD000F8851 /* PythonKit */; };
		4AFDC3C028D52D2100390215 /* Lee.swift in Sources */ = {isa = PBXBuildFile; fileRef = 4AFDC3BF28D52D2100390215 /* Lee.swift */; };
/* End PBXBuildFile section */

/* Begin PBXContainerItemProxy section */
		3F1E8E3228BE881400C4DEE3 /* PBXContainerItemProxy */ = {
			isa = PBXContainerItemProxy;
			containerPortal = 3F1E8E1828BE881300C4DEE3 /* Project object */;
			proxyType = 1;
			remoteGlobalIDString = 3F1E8E1F28BE881300C4DEE3;
			remoteInfo = Lee;
		};
		3F1E8E3C28BE881400C4DEE3 /* PBXContainerItemProxy */ = {
			isa = PBXContainerItemProxy;
			containerPortal = 3F1E8E1828BE881300C4DEE3 /* Project object */;
			proxyType = 1;
			remoteGlobalIDString = 3F1E8E1F28BE881300C4DEE3;
			remoteInfo = Lee;
		};
/* End PBXContainerItemProxy section */

/* Begin PBXFileReference section */
		3F0F9548291C8F46009193C7 /* SettingsViewModel.swift */ = {isa = PBXFileReference; lastKnownFileType = sourcecode.swift; path = SettingsViewModel.swift; sourceTree = "<group>"; };
		3F0F954A291C8F66009193C7 /* SettingsView.swift */ = {isa = PBXFileReference; lastKnownFileType = sourcecode.swift; path = SettingsView.swift; sourceTree = "<group>"; };
		3F0F954C291C90B6009193C7 /* RunnerSettingsView.swift */ = {isa = PBXFileReference; lastKnownFileType = sourcecode.swift; path = RunnerSettingsView.swift; sourceTree = "<group>"; };
		3F0F954E291C91D3009193C7 /* RunnerListView.swift */ = {isa = PBXFileReference; lastKnownFileType = sourcecode.swift; path = RunnerListView.swift; sourceTree = "<group>"; };
		3F0F9552291C91EE009193C7 /* RunnerDetailView.swift */ = {isa = PBXFileReference; lastKnownFileType = sourcecode.swift; path = RunnerDetailView.swift; sourceTree = "<group>"; };
		3F0F9554291C9231009193C7 /* ListEditView.swift */ = {isa = PBXFileReference; lastKnownFileType = sourcecode.swift; path = ListEditView.swift; sourceTree = "<group>"; };
		3F1E8E2028BE881300C4DEE3 /* Lee.app */ = {isa = PBXFileReference; explicitFileType = wrapper.application; includeInIndex = 0; path = Lee.app; sourceTree = BUILT_PRODUCTS_DIR; };
		3F1E8E2728BE881400C4DEE3 /* Assets.xcassets */ = {isa = PBXFileReference; lastKnownFileType = folder.assetcatalog; path = Assets.xcassets; sourceTree = "<group>"; };
		3F1E8E2A28BE881400C4DEE3 /* Preview Assets.xcassets */ = {isa = PBXFileReference; lastKnownFileType = folder.assetcatalog; path = "Preview Assets.xcassets"; sourceTree = "<group>"; };
		3F1E8E2C28BE881400C4DEE3 /* Lee.entitlements */ = {isa = PBXFileReference; lastKnownFileType = text.plist.entitlements; path = Lee.entitlements; sourceTree = "<group>"; };
		3F1E8E3128BE881400C4DEE3 /* LeeTests.xctest */ = {isa = PBXFileReference; explicitFileType = wrapper.cfbundle; includeInIndex = 0; path = LeeTests.xctest; sourceTree = BUILT_PRODUCTS_DIR; };
		3F1E8E3B28BE881400C4DEE3 /* LeeUITests.xctest */ = {isa = PBXFileReference; explicitFileType = wrapper.cfbundle; includeInIndex = 0; path = LeeUITests.xctest; sourceTree = BUILT_PRODUCTS_DIR; };
		3F1E8E3F28BE881400C4DEE3 /* LeeUITests.swift */ = {isa = PBXFileReference; lastKnownFileType = sourcecode.swift; path = LeeUITests.swift; sourceTree = "<group>"; };
		3F1E8E4128BE881400C4DEE3 /* LeeUITestsLaunchTests.swift */ = {isa = PBXFileReference; lastKnownFileType = sourcecode.swift; path = LeeUITestsLaunchTests.swift; sourceTree = "<group>"; };
		3F68516128D3A43E00B18DAF /* ManifestTests.swift */ = {isa = PBXFileReference; lastKnownFileType = sourcecode.swift; path = ManifestTests.swift; sourceTree = "<group>"; };
		3F8F2B9328C29EB400B7565D /* argsTest.py */ = {isa = PBXFileReference; lastKnownFileType = text.script.python; path = argsTest.py; sourceTree = "<group>"; };
		3FA6D85228E90B1A00EB0302 /* LeeViewModel.swift */ = {isa = PBXFileReference; lastKnownFileType = sourcecode.swift; path = LeeViewModel.swift; sourceTree = "<group>"; };
		3FA6D85428E90B2B00EB0302 /* ContentView.swift */ = {isa = PBXFileReference; lastKnownFileType = sourcecode.swift; path = ContentView.swift; sourceTree = "<group>"; };
		3FA6D85628E90B2F00EB0302 /* Manifest.swift */ = {isa = PBXFileReference; lastKnownFileType = sourcecode.swift; path = Manifest.swift; sourceTree = "<group>"; };
		3FA6D85728E90B2F00EB0302 /* LeeDataModel.swift */ = {isa = PBXFileReference; lastKnownFileType = sourcecode.swift; path = LeeDataModel.swift; sourceTree = "<group>"; };
		3FA6D85828E90B2F00EB0302 /* PythonDataModel.swift */ = {isa = PBXFileReference; lastKnownFileType = sourcecode.swift; path = PythonDataModel.swift; sourceTree = "<group>"; };
		3FA6D85C28E90BA100EB0302 /* RunnerTests.swift */ = {isa = PBXFileReference; lastKnownFileType = sourcecode.swift; path = RunnerTests.swift; sourceTree = "<group>"; xcLanguageSpecificationIdentifier = xcode.lang.swift; };
		3FA6D87828F3500500EB0302 /* RuneCommands.swift */ = {isa = PBXFileReference; fileEncoding = 4; lastKnownFileType = sourcecode.swift; path = RuneCommands.swift; sourceTree = "<group>"; };
		3FA6D87A28F3500900EB0302 /* Rune.swift */ = {isa = PBXFileReference; fileEncoding = 4; lastKnownFileType = sourcecode.swift; path = Rune.swift; sourceTree = "<group>"; };
		3FA6D87C28F3501300EB0302 /* RuneTests.swift */ = {isa = PBXFileReference; fileEncoding = 4; lastKnownFileType = sourcecode.swift; path = RuneTests.swift; sourceTree = "<group>"; };
		3FBC8D1B28E35FE3000BA2D9 /* good.py */ = {isa = PBXFileReference; fileEncoding = 4; lastKnownFileType = text.script.python; path = good.py; sourceTree = "<group>"; };
		3FBC8D1C28E35FE3000BA2D9 /* input.py */ = {isa = PBXFileReference; fileEncoding = 4; lastKnownFileType = text.script.python; path = input.py; sourceTree = "<group>"; };
		3FBC8D1D28E35FE3000BA2D9 /* bad.py */ = {isa = PBXFileReference; fileEncoding = 4; lastKnownFileType = text.script.python; path = bad.py; sourceTree = "<group>"; };
		4AFDC3BF28D52D2100390215 /* Lee.swift */ = {isa = PBXFileReference; lastKnownFileType = sourcecode.swift; path = Lee.swift; sourceTree = "<group>"; };
/* End PBXFileReference section */

/* Begin PBXFrameworksBuildPhase section */
		3F1E8E1D28BE881300C4DEE3 /* Frameworks */ = {
			isa = PBXFrameworksBuildPhase;
			buildActionMask = 2147483647;
			files = (
				4A36334C28EE59AD000F8851 /* PythonKit in Frameworks */,
				3F68517B28EF286E00B18DAF /* PythonKit in Frameworks */,
			);
			runOnlyForDeploymentPostprocessing = 0;
		};
		3F1E8E2E28BE881400C4DEE3 /* Frameworks */ = {
			isa = PBXFrameworksBuildPhase;
			buildActionMask = 2147483647;
			files = (
			);
			runOnlyForDeploymentPostprocessing = 0;
		};
		3F1E8E3828BE881400C4DEE3 /* Frameworks */ = {
			isa = PBXFrameworksBuildPhase;
			buildActionMask = 2147483647;
			files = (
			);
			runOnlyForDeploymentPostprocessing = 0;
		};
/* End PBXFrameworksBuildPhase section */

/* Begin PBXGroup section */
		3F0F9545291C8B4D009193C7 /* Settings */ = {
			isa = PBXGroup;
			children = (
				3F0F9548291C8F46009193C7 /* SettingsViewModel.swift */,
				3F0F954A291C8F66009193C7 /* SettingsView.swift */,
				3F0F954C291C90B6009193C7 /* RunnerSettingsView.swift */,
				3F0F954E291C91D3009193C7 /* RunnerListView.swift */,
				3F0F9552291C91EE009193C7 /* RunnerDetailView.swift */,
				3F0F9554291C9231009193C7 /* ListEditView.swift */,
			);
			path = Settings;
			sourceTree = "<group>";
		};
		3F1E8E1728BE881300C4DEE3 = {
			isa = PBXGroup;
			children = (
				3FBC8D1828DF7D6F000BA2D9 /* PythonFiles */,
				3F1E8E2228BE881300C4DEE3 /* Lee */,
				3F1E8E3E28BE881400C4DEE3 /* LeeUITests */,
				3F1E8E3428BE881400C4DEE3 /* LeeTests */,
				3F1E8E2128BE881300C4DEE3 /* Products */,
			);
			sourceTree = "<group>";
		};
		3F1E8E2128BE881300C4DEE3 /* Products */ = {
			isa = PBXGroup;
			children = (
				3F1E8E2028BE881300C4DEE3 /* Lee.app */,
				3F1E8E3128BE881400C4DEE3 /* LeeTests.xctest */,
				3F1E8E3B28BE881400C4DEE3 /* LeeUITests.xctest */,
			);
			name = Products;
			sourceTree = "<group>";
		};
		3F1E8E2228BE881300C4DEE3 /* Lee */ = {
			isa = PBXGroup;
			children = (
				3F0F9545291C8B4D009193C7 /* Settings */,
				4AFDC3BF28D52D2100390215 /* Lee.swift */,
				3FA6D85228E90B1A00EB0302 /* LeeViewModel.swift */,
				3FA6D85428E90B2B00EB0302 /* ContentView.swift */,
				3FA6D85728E90B2F00EB0302 /* LeeDataModel.swift */,
				3FA6D85628E90B2F00EB0302 /* Manifest.swift */,
				3FA6D85828E90B2F00EB0302 /* PythonDataModel.swift */,
				3FA6D87828F3500500EB0302 /* RuneCommands.swift */,
				3FA6D87A28F3500900EB0302 /* Rune.swift */,
				3F8F2B9328C29EB400B7565D /* argsTest.py */,
				3F1E8E2728BE881400C4DEE3 /* Assets.xcassets */,
				3F1E8E2C28BE881400C4DEE3 /* Lee.entitlements */,
				3F1E8E2928BE881400C4DEE3 /* Preview Content */,
			);
			path = Lee;
			sourceTree = "<group>";
		};
		3F1E8E2928BE881400C4DEE3 /* Preview Content */ = {
			isa = PBXGroup;
			children = (
				3F1E8E2A28BE881400C4DEE3 /* Preview Assets.xcassets */,
			);
			path = "Preview Content";
			sourceTree = "<group>";
		};
		3F1E8E3428BE881400C4DEE3 /* LeeTests */ = {
			isa = PBXGroup;
			children = (
				3FA6D87C28F3501300EB0302 /* RuneTests.swift */,
				3F68516128D3A43E00B18DAF /* ManifestTests.swift */,
				3FA6D85C28E90BA100EB0302 /* RunnerTests.swift */,
			);
			path = LeeTests;
			sourceTree = "<group>";
		};
		3F1E8E3E28BE881400C4DEE3 /* LeeUITests */ = {
			isa = PBXGroup;
			children = (
				3F1E8E3F28BE881400C4DEE3 /* LeeUITests.swift */,
				3F1E8E4128BE881400C4DEE3 /* LeeUITestsLaunchTests.swift */,
			);
			path = LeeUITests;
			sourceTree = "<group>";
		};
		3FBC8D1828DF7D6F000BA2D9 /* PythonFiles */ = {
			isa = PBXGroup;
			children = (
				3FBC8D1D28E35FE3000BA2D9 /* bad.py */,
				3FBC8D1B28E35FE3000BA2D9 /* good.py */,
				3FBC8D1C28E35FE3000BA2D9 /* input.py */,
			);
			path = PythonFiles;
			sourceTree = "<group>";
		};
/* End PBXGroup section */

/* Begin PBXNativeTarget section */
		3F1E8E1F28BE881300C4DEE3 /* Lee */ = {
			isa = PBXNativeTarget;
			buildConfigurationList = 3F1E8E4528BE881400C4DEE3 /* Build configuration list for PBXNativeTarget "Lee" */;
			buildPhases = (
				3F1E8E1C28BE881300C4DEE3 /* Sources */,
				3F1E8E1D28BE881300C4DEE3 /* Frameworks */,
				3F1E8E1E28BE881300C4DEE3 /* Resources */,
				3F68516D28DCA96C00B18DAF /* Swiftlint */,
			);
			buildRules = (
			);
			dependencies = (
			);
			name = Lee;
			packageProductDependencies = (
				4A36334B28EE59AD000F8851 /* PythonKit */,
				3F68517A28EF286E00B18DAF /* PythonKit */,
			);
			productName = Lee;
			productReference = 3F1E8E2028BE881300C4DEE3 /* Lee.app */;
			productType = "com.apple.product-type.application";
		};
		3F1E8E3028BE881400C4DEE3 /* LeeTests */ = {
			isa = PBXNativeTarget;
			buildConfigurationList = 3F1E8E4828BE881400C4DEE3 /* Build configuration list for PBXNativeTarget "LeeTests" */;
			buildPhases = (
				3F1E8E2D28BE881400C4DEE3 /* Sources */,
				3F1E8E2E28BE881400C4DEE3 /* Frameworks */,
				3F1E8E2F28BE881400C4DEE3 /* Resources */,
			);
			buildRules = (
			);
			dependencies = (
				3F1E8E3328BE881400C4DEE3 /* PBXTargetDependency */,
			);
			name = LeeTests;
			productName = LeeTests;
			productReference = 3F1E8E3128BE881400C4DEE3 /* LeeTests.xctest */;
			productType = "com.apple.product-type.bundle.unit-test";
		};
		3F1E8E3A28BE881400C4DEE3 /* LeeUITests */ = {
			isa = PBXNativeTarget;
			buildConfigurationList = 3F1E8E4B28BE881400C4DEE3 /* Build configuration list for PBXNativeTarget "LeeUITests" */;
			buildPhases = (
				3F1E8E3728BE881400C4DEE3 /* Sources */,
				3F1E8E3828BE881400C4DEE3 /* Frameworks */,
				3F1E8E3928BE881400C4DEE3 /* Resources */,
			);
			buildRules = (
			);
			dependencies = (
				3F1E8E3D28BE881400C4DEE3 /* PBXTargetDependency */,
			);
			name = LeeUITests;
			productName = LeeUITests;
			productReference = 3F1E8E3B28BE881400C4DEE3 /* LeeUITests.xctest */;
			productType = "com.apple.product-type.bundle.ui-testing";
		};
/* End PBXNativeTarget section */

/* Begin PBXProject section */
		3F1E8E1828BE881300C4DEE3 /* Project object */ = {
			isa = PBXProject;
			attributes = {
				BuildIndependentTargetsInParallel = 1;
				LastSwiftUpdateCheck = 1340;
				LastUpgradeCheck = 1340;
				TargetAttributes = {
					3F1E8E1F28BE881300C4DEE3 = {
						CreatedOnToolsVersion = 13.4;
					};
					3F1E8E3028BE881400C4DEE3 = {
						CreatedOnToolsVersion = 13.4;
						TestTargetID = 3F1E8E1F28BE881300C4DEE3;
					};
					3F1E8E3A28BE881400C4DEE3 = {
						CreatedOnToolsVersion = 13.4;
						TestTargetID = 3F1E8E1F28BE881300C4DEE3;
					};
				};
			};
			buildConfigurationList = 3F1E8E1B28BE881300C4DEE3 /* Build configuration list for PBXProject "Lee" */;
			compatibilityVersion = "Xcode 13.0";
			developmentRegion = en;
			hasScannedForEncodings = 0;
			knownRegions = (
				en,
				Base,
			);
			mainGroup = 3F1E8E1728BE881300C4DEE3;
			packageReferences = (
				4A36334A28EE59AD000F8851 /* XCRemoteSwiftPackageReference "PythonKit" */,
			);
			productRefGroup = 3F1E8E2128BE881300C4DEE3 /* Products */;
			projectDirPath = "";
			projectRoot = "";
			targets = (
				3F1E8E1F28BE881300C4DEE3 /* Lee */,
				3F1E8E3028BE881400C4DEE3 /* LeeTests */,
				3F1E8E3A28BE881400C4DEE3 /* LeeUITests */,
			);
		};
/* End PBXProject section */

/* Begin PBXResourcesBuildPhase section */
		3F1E8E1E28BE881300C4DEE3 /* Resources */ = {
			isa = PBXResourcesBuildPhase;
			buildActionMask = 2147483647;
			files = (
				3F8F2B9428C29EB400B7565D /* argsTest.py in Resources */,
				3F1E8E2B28BE881400C4DEE3 /* Preview Assets.xcassets in Resources */,
				3FBC8D1F28E35FE3000BA2D9 /* input.py in Resources */,
				3F1E8E2828BE881400C4DEE3 /* Assets.xcassets in Resources */,
				3FBC8D2028E35FE3000BA2D9 /* bad.py in Resources */,
				3FBC8D1E28E35FE3000BA2D9 /* good.py in Resources */,
			);
			runOnlyForDeploymentPostprocessing = 0;
		};
		3F1E8E2F28BE881400C4DEE3 /* Resources */ = {
			isa = PBXResourcesBuildPhase;
			buildActionMask = 2147483647;
			files = (
			);
			runOnlyForDeploymentPostprocessing = 0;
		};
		3F1E8E3928BE881400C4DEE3 /* Resources */ = {
			isa = PBXResourcesBuildPhase;
			buildActionMask = 2147483647;
			files = (
			);
			runOnlyForDeploymentPostprocessing = 0;
		};
/* End PBXResourcesBuildPhase section */

/* Begin PBXShellScriptBuildPhase section */
		3F68516D28DCA96C00B18DAF /* Swiftlint */ = {
			isa = PBXShellScriptBuildPhase;
			buildActionMask = 2147483647;
			files = (
			);
			inputFileListPaths = (
			);
			inputPaths = (
			);
			name = Swiftlint;
			outputFileListPaths = (
			);
			outputPaths = (
			);
			runOnlyForDeploymentPostprocessing = 0;
			shellPath = /bin/sh;
			shellScript = "export PATH=\"$PATH:/opt/homebrew/bin\"\nif which swiftlint > /dev/null; then\n  swiftlint\nelse\n  echo \"warning: SwiftLint not installed, download from https://github.com/realm/SwiftLint\"\nfi\n";
		};
/* End PBXShellScriptBuildPhase section */

/* Begin PBXSourcesBuildPhase section */
		3F1E8E1C28BE881300C4DEE3 /* Sources */ = {
			isa = PBXSourcesBuildPhase;
			buildActionMask = 2147483647;
			files = (
				3FA6D85928E90B2F00EB0302 /* Manifest.swift in Sources */,
				4AFDC3C028D52D2100390215 /* Lee.swift in Sources */,
				3FA6D85328E90B1A00EB0302 /* LeeViewModel.swift in Sources */,
				3F0F9553291C91EE009193C7 /* RunnerDetailView.swift in Sources */,
				3F0F954F291C91D3009193C7 /* RunnerListView.swift in Sources */,
				3FA6D85A28E90B2F00EB0302 /* PythonDataModel.swift in Sources */,
				3FA6D85B28E90B2F00EB0302 /* LeeDataModel.swift in Sources */,
				3F0F954D291C90B6009193C7 /* RunnerSettingsView.swift in Sources */,
				3F0F9549291C8F46009193C7 /* SettingsViewModel.swift in Sources */,
				3F0F9555291C9231009193C7 /* ListEditView.swift in Sources */,
				3FA6D87928F3500500EB0302 /* RuneCommands.swift in Sources */,
				3FA6D85528E90B2B00EB0302 /* ContentView.swift in Sources */,
				3FA6D87B28F3500900EB0302 /* Rune.swift in Sources */,
				3F0F954B291C8F66009193C7 /* SettingsView.swift in Sources */,
			);
			runOnlyForDeploymentPostprocessing = 0;
		};
		3F1E8E2D28BE881400C4DEE3 /* Sources */ = {
			isa = PBXSourcesBuildPhase;
			buildActionMask = 2147483647;
			files = (
				3F68516228D3A43E00B18DAF /* ManifestTests.swift in Sources */,
				3FA6D87D28F3501300EB0302 /* RuneTests.swift in Sources */,
				3FA6D85D28E90BA100EB0302 /* RunnerTests.swift in Sources */,
			);
			runOnlyForDeploymentPostprocessing = 0;
		};
		3F1E8E3728BE881400C4DEE3 /* Sources */ = {
			isa = PBXSourcesBuildPhase;
			buildActionMask = 2147483647;
			files = (
				3F1E8E4028BE881400C4DEE3 /* LeeUITests.swift in Sources */,
				3F1E8E4228BE881400C4DEE3 /* LeeUITestsLaunchTests.swift in Sources */,
			);
			runOnlyForDeploymentPostprocessing = 0;
		};
/* End PBXSourcesBuildPhase section */

/* Begin PBXTargetDependency section */
		3F1E8E3328BE881400C4DEE3 /* PBXTargetDependency */ = {
			isa = PBXTargetDependency;
			target = 3F1E8E1F28BE881300C4DEE3 /* Lee */;
			targetProxy = 3F1E8E3228BE881400C4DEE3 /* PBXContainerItemProxy */;
		};
		3F1E8E3D28BE881400C4DEE3 /* PBXTargetDependency */ = {
			isa = PBXTargetDependency;
			target = 3F1E8E1F28BE881300C4DEE3 /* Lee */;
			targetProxy = 3F1E8E3C28BE881400C4DEE3 /* PBXContainerItemProxy */;
		};
/* End PBXTargetDependency section */

/* Begin XCBuildConfiguration section */
		3F1E8E4328BE881400C4DEE3 /* Debug */ = {
			isa = XCBuildConfiguration;
			buildSettings = {
				ALWAYS_SEARCH_USER_PATHS = NO;
				CLANG_ANALYZER_NONNULL = YES;
				CLANG_ANALYZER_NUMBER_OBJECT_CONVERSION = YES_AGGRESSIVE;
				CLANG_CXX_LANGUAGE_STANDARD = "gnu++17";
				CLANG_ENABLE_MODULES = YES;
				CLANG_ENABLE_OBJC_ARC = YES;
				CLANG_ENABLE_OBJC_WEAK = YES;
				CLANG_WARN_BLOCK_CAPTURE_AUTORELEASING = YES;
				CLANG_WARN_BOOL_CONVERSION = YES;
				CLANG_WARN_COMMA = YES;
				CLANG_WARN_CONSTANT_CONVERSION = YES;
				CLANG_WARN_DEPRECATED_OBJC_IMPLEMENTATIONS = YES;
				CLANG_WARN_DIRECT_OBJC_ISA_USAGE = YES_ERROR;
				CLANG_WARN_DOCUMENTATION_COMMENTS = YES;
				CLANG_WARN_EMPTY_BODY = YES;
				CLANG_WARN_ENUM_CONVERSION = YES;
				CLANG_WARN_INFINITE_RECURSION = YES;
				CLANG_WARN_INT_CONVERSION = YES;
				CLANG_WARN_NON_LITERAL_NULL_CONVERSION = YES;
				CLANG_WARN_OBJC_IMPLICIT_RETAIN_SELF = YES;
				CLANG_WARN_OBJC_LITERAL_CONVERSION = YES;
				CLANG_WARN_OBJC_ROOT_CLASS = YES_ERROR;
				CLANG_WARN_QUOTED_INCLUDE_IN_FRAMEWORK_HEADER = YES;
				CLANG_WARN_RANGE_LOOP_ANALYSIS = YES;
				CLANG_WARN_STRICT_PROTOTYPES = YES;
				CLANG_WARN_SUSPICIOUS_MOVE = YES;
				CLANG_WARN_UNGUARDED_AVAILABILITY = YES_AGGRESSIVE;
				CLANG_WARN_UNREACHABLE_CODE = YES;
				CLANG_WARN__DUPLICATE_METHOD_MATCH = YES;
				COPY_PHASE_STRIP = NO;
				DEBUG_INFORMATION_FORMAT = dwarf;
				ENABLE_STRICT_OBJC_MSGSEND = YES;
				ENABLE_TESTABILITY = YES;
				GCC_C_LANGUAGE_STANDARD = gnu11;
				GCC_DYNAMIC_NO_PIC = NO;
				GCC_NO_COMMON_BLOCKS = YES;
				GCC_OPTIMIZATION_LEVEL = 0;
				GCC_PREPROCESSOR_DEFINITIONS = (
					"DEBUG=1",
					"$(inherited)",
				);
				GCC_WARN_64_TO_32_BIT_CONVERSION = YES;
				GCC_WARN_ABOUT_RETURN_TYPE = YES_ERROR;
				GCC_WARN_UNDECLARED_SELECTOR = YES;
				GCC_WARN_UNINITIALIZED_AUTOS = YES_AGGRESSIVE;
				GCC_WARN_UNUSED_FUNCTION = YES;
				GCC_WARN_UNUSED_VARIABLE = YES;
				MACOSX_DEPLOYMENT_TARGET = 12.0;
				MTL_ENABLE_DEBUG_INFO = INCLUDE_SOURCE;
				MTL_FAST_MATH = YES;
				ONLY_ACTIVE_ARCH = YES;
				SDKROOT = macosx;
				SWIFT_ACTIVE_COMPILATION_CONDITIONS = DEBUG;
				SWIFT_OPTIMIZATION_LEVEL = "-Onone";
			};
			name = Debug;
		};
		3F1E8E4428BE881400C4DEE3 /* Release */ = {
			isa = XCBuildConfiguration;
			buildSettings = {
				ALWAYS_SEARCH_USER_PATHS = NO;
				CLANG_ANALYZER_NONNULL = YES;
				CLANG_ANALYZER_NUMBER_OBJECT_CONVERSION = YES_AGGRESSIVE;
				CLANG_CXX_LANGUAGE_STANDARD = "gnu++17";
				CLANG_ENABLE_MODULES = YES;
				CLANG_ENABLE_OBJC_ARC = YES;
				CLANG_ENABLE_OBJC_WEAK = YES;
				CLANG_WARN_BLOCK_CAPTURE_AUTORELEASING = YES;
				CLANG_WARN_BOOL_CONVERSION = YES;
				CLANG_WARN_COMMA = YES;
				CLANG_WARN_CONSTANT_CONVERSION = YES;
				CLANG_WARN_DEPRECATED_OBJC_IMPLEMENTATIONS = YES;
				CLANG_WARN_DIRECT_OBJC_ISA_USAGE = YES_ERROR;
				CLANG_WARN_DOCUMENTATION_COMMENTS = YES;
				CLANG_WARN_EMPTY_BODY = YES;
				CLANG_WARN_ENUM_CONVERSION = YES;
				CLANG_WARN_INFINITE_RECURSION = YES;
				CLANG_WARN_INT_CONVERSION = YES;
				CLANG_WARN_NON_LITERAL_NULL_CONVERSION = YES;
				CLANG_WARN_OBJC_IMPLICIT_RETAIN_SELF = YES;
				CLANG_WARN_OBJC_LITERAL_CONVERSION = YES;
				CLANG_WARN_OBJC_ROOT_CLASS = YES_ERROR;
				CLANG_WARN_QUOTED_INCLUDE_IN_FRAMEWORK_HEADER = YES;
				CLANG_WARN_RANGE_LOOP_ANALYSIS = YES;
				CLANG_WARN_STRICT_PROTOTYPES = YES;
				CLANG_WARN_SUSPICIOUS_MOVE = YES;
				CLANG_WARN_UNGUARDED_AVAILABILITY = YES_AGGRESSIVE;
				CLANG_WARN_UNREACHABLE_CODE = YES;
				CLANG_WARN__DUPLICATE_METHOD_MATCH = YES;
				COPY_PHASE_STRIP = NO;
				DEBUG_INFORMATION_FORMAT = "dwarf-with-dsym";
				ENABLE_NS_ASSERTIONS = NO;
				ENABLE_STRICT_OBJC_MSGSEND = YES;
				GCC_C_LANGUAGE_STANDARD = gnu11;
				GCC_NO_COMMON_BLOCKS = YES;
				GCC_WARN_64_TO_32_BIT_CONVERSION = YES;
				GCC_WARN_ABOUT_RETURN_TYPE = YES_ERROR;
				GCC_WARN_UNDECLARED_SELECTOR = YES;
				GCC_WARN_UNINITIALIZED_AUTOS = YES_AGGRESSIVE;
				GCC_WARN_UNUSED_FUNCTION = YES;
				GCC_WARN_UNUSED_VARIABLE = YES;
				MACOSX_DEPLOYMENT_TARGET = 12.0;
				MTL_ENABLE_DEBUG_INFO = NO;
				MTL_FAST_MATH = YES;
				SDKROOT = macosx;
				SWIFT_COMPILATION_MODE = wholemodule;
				SWIFT_OPTIMIZATION_LEVEL = "-O";
			};
			name = Release;
		};
		3F1E8E4628BE881400C4DEE3 /* Debug */ = {
			isa = XCBuildConfiguration;
			buildSettings = {
				ASSETCATALOG_COMPILER_APPICON_NAME = AppIcon;
				ASSETCATALOG_COMPILER_GLOBAL_ACCENT_COLOR_NAME = AccentColor;
				CODE_SIGN_ENTITLEMENTS = Lee/Lee.entitlements;
				CODE_SIGN_STYLE = Automatic;
				COMBINE_HIDPI_IMAGES = YES;
				CURRENT_PROJECT_VERSION = 1;
				DEVELOPMENT_ASSET_PATHS = "\"Lee/Preview Content\"";
				ENABLE_HARDENED_RUNTIME = YES;
				ENABLE_PREVIEWS = YES;
				GENERATE_INFOPLIST_FILE = YES;
				INFOPLIST_KEY_NSHumanReadableCopyright = "";
				LD_RUNPATH_SEARCH_PATHS = (
					"$(inherited)",
					"@executable_path/../Frameworks",
				);
				MARKETING_VERSION = 1.0;
				PRODUCT_BUNDLE_IDENTIFIER = edu.mines.hildreth.Lee;
				PRODUCT_NAME = "$(TARGET_NAME)";
				SWIFT_EMIT_LOC_STRINGS = YES;
				SWIFT_VERSION = 5.0;
			};
			name = Debug;
		};
		3F1E8E4728BE881400C4DEE3 /* Release */ = {
			isa = XCBuildConfiguration;
			buildSettings = {
				ASSETCATALOG_COMPILER_APPICON_NAME = AppIcon;
				ASSETCATALOG_COMPILER_GLOBAL_ACCENT_COLOR_NAME = AccentColor;
				CODE_SIGN_ENTITLEMENTS = Lee/Lee.entitlements;
				CODE_SIGN_STYLE = Automatic;
				COMBINE_HIDPI_IMAGES = YES;
				CURRENT_PROJECT_VERSION = 1;
				DEVELOPMENT_ASSET_PATHS = "\"Lee/Preview Content\"";
				ENABLE_HARDENED_RUNTIME = YES;
				ENABLE_PREVIEWS = YES;
				GENERATE_INFOPLIST_FILE = YES;
				INFOPLIST_KEY_NSHumanReadableCopyright = "";
				LD_RUNPATH_SEARCH_PATHS = (
					"$(inherited)",
					"@executable_path/../Frameworks",
				);
				MARKETING_VERSION = 1.0;
				PRODUCT_BUNDLE_IDENTIFIER = edu.mines.hildreth.Lee;
				PRODUCT_NAME = "$(TARGET_NAME)";
				SWIFT_EMIT_LOC_STRINGS = YES;
				SWIFT_VERSION = 5.0;
			};
			name = Release;
		};
		3F1E8E4928BE881400C4DEE3 /* Debug */ = {
			isa = XCBuildConfiguration;
			buildSettings = {
				ALWAYS_EMBED_SWIFT_STANDARD_LIBRARIES = YES;
				BUNDLE_LOADER = "$(TEST_HOST)";
				CODE_SIGN_STYLE = Automatic;
				CURRENT_PROJECT_VERSION = 1;
				GENERATE_INFOPLIST_FILE = YES;
				MACOSX_DEPLOYMENT_TARGET = 12.0;
				MARKETING_VERSION = 1.0;
				PRODUCT_BUNDLE_IDENTIFIER = edu.mines.hildreth.LeeTests;
				PRODUCT_NAME = "$(TARGET_NAME)";
				SWIFT_EMIT_LOC_STRINGS = NO;
				SWIFT_VERSION = 5.0;
				TEST_HOST = "$(BUILT_PRODUCTS_DIR)/Lee.app/Contents/MacOS/Lee";
			};
			name = Debug;
		};
		3F1E8E4A28BE881400C4DEE3 /* Release */ = {
			isa = XCBuildConfiguration;
			buildSettings = {
				ALWAYS_EMBED_SWIFT_STANDARD_LIBRARIES = YES;
				BUNDLE_LOADER = "$(TEST_HOST)";
				CODE_SIGN_STYLE = Automatic;
				CURRENT_PROJECT_VERSION = 1;
				GENERATE_INFOPLIST_FILE = YES;
				MACOSX_DEPLOYMENT_TARGET = 12.0;
				MARKETING_VERSION = 1.0;
				PRODUCT_BUNDLE_IDENTIFIER = edu.mines.hildreth.LeeTests;
				PRODUCT_NAME = "$(TARGET_NAME)";
				SWIFT_EMIT_LOC_STRINGS = NO;
				SWIFT_VERSION = 5.0;
				TEST_HOST = "$(BUILT_PRODUCTS_DIR)/Lee.app/Contents/MacOS/Lee";
			};
			name = Release;
		};
		3F1E8E4C28BE881400C4DEE3 /* Debug */ = {
			isa = XCBuildConfiguration;
			buildSettings = {
				ALWAYS_EMBED_SWIFT_STANDARD_LIBRARIES = YES;
				CODE_SIGN_STYLE = Automatic;
				CURRENT_PROJECT_VERSION = 1;
				GENERATE_INFOPLIST_FILE = YES;
				MARKETING_VERSION = 1.0;
				PRODUCT_BUNDLE_IDENTIFIER = edu.mines.hildreth.LeeUITests;
				PRODUCT_NAME = "$(TARGET_NAME)";
				SWIFT_EMIT_LOC_STRINGS = NO;
				SWIFT_VERSION = 5.0;
				TEST_TARGET_NAME = Lee;
			};
			name = Debug;
		};
		3F1E8E4D28BE881400C4DEE3 /* Release */ = {
			isa = XCBuildConfiguration;
			buildSettings = {
				ALWAYS_EMBED_SWIFT_STANDARD_LIBRARIES = YES;
				CODE_SIGN_STYLE = Automatic;
				CURRENT_PROJECT_VERSION = 1;
				GENERATE_INFOPLIST_FILE = YES;
				MARKETING_VERSION = 1.0;
				PRODUCT_BUNDLE_IDENTIFIER = edu.mines.hildreth.LeeUITests;
				PRODUCT_NAME = "$(TARGET_NAME)";
				SWIFT_EMIT_LOC_STRINGS = NO;
				SWIFT_VERSION = 5.0;
				TEST_TARGET_NAME = Lee;
			};
			name = Release;
		};
/* End XCBuildConfiguration section */

/* Begin XCConfigurationList section */
		3F1E8E1B28BE881300C4DEE3 /* Build configuration list for PBXProject "Lee" */ = {
			isa = XCConfigurationList;
			buildConfigurations = (
				3F1E8E4328BE881400C4DEE3 /* Debug */,
				3F1E8E4428BE881400C4DEE3 /* Release */,
			);
			defaultConfigurationIsVisible = 0;
			defaultConfigurationName = Release;
		};
		3F1E8E4528BE881400C4DEE3 /* Build configuration list for PBXNativeTarget "Lee" */ = {
			isa = XCConfigurationList;
			buildConfigurations = (
				3F1E8E4628BE881400C4DEE3 /* Debug */,
				3F1E8E4728BE881400C4DEE3 /* Release */,
			);
			defaultConfigurationIsVisible = 0;
			defaultConfigurationName = Release;
		};
		3F1E8E4828BE881400C4DEE3 /* Build configuration list for PBXNativeTarget "LeeTests" */ = {
			isa = XCConfigurationList;
			buildConfigurations = (
				3F1E8E4928BE881400C4DEE3 /* Debug */,
				3F1E8E4A28BE881400C4DEE3 /* Release */,
			);
			defaultConfigurationIsVisible = 0;
			defaultConfigurationName = Release;
		};
		3F1E8E4B28BE881400C4DEE3 /* Build configuration list for PBXNativeTarget "LeeUITests" */ = {
			isa = XCConfigurationList;
			buildConfigurations = (
				3F1E8E4C28BE881400C4DEE3 /* Debug */,
				3F1E8E4D28BE881400C4DEE3 /* Release */,
			);
			defaultConfigurationIsVisible = 0;
			defaultConfigurationName = Release;
		};
/* End XCConfigurationList section */

/* Begin XCRemoteSwiftPackageReference section */
		4A36334A28EE59AD000F8851 /* XCRemoteSwiftPackageReference "PythonKit" */ = {
			isa = XCRemoteSwiftPackageReference;
			repositoryURL = "https://github.com/pvieito/PythonKit.git";
			requirement = {
				branch = master;
				kind = branch;
			};
		};
/* End XCRemoteSwiftPackageReference section */

/* Begin XCSwiftPackageProductDependency section */
		3F68517A28EF286E00B18DAF /* PythonKit */ = {
			isa = XCSwiftPackageProductDependency;
			package = 4A36334A28EE59AD000F8851 /* XCRemoteSwiftPackageReference "PythonKit" */;
			productName = PythonKit;
		};
		4A36334B28EE59AD000F8851 /* PythonKit */ = {
			isa = XCSwiftPackageProductDependency;
			package = 4A36334A28EE59AD000F8851 /* XCRemoteSwiftPackageReference "PythonKit" */;
			productName = PythonKit;
		};
/* End XCSwiftPackageProductDependency section */
	};
	rootObject = 3F1E8E1828BE881300C4DEE3 /* Project object */;
}
